{
  "name": "L2Journey",
  "lockfileVersion": 3,
  "requires": true,
  "packages": {
    "../../../Users/tiago/AppData/Roaming/npm/node_modules/@fission-ai/openspec": {
      "version": "1.6.0",
      "extraneous": true,
      "hasInstallScript": true,
      "license": "MIT",
      "dependencies": {
        "@inquirer/core": "^10.3.2",
        "@inquirer/prompts": "^7.10.1",
        "chalk": "^5.5.0",
        "commander": "^14.0.0",
        "cross-spawn": "7.0.6",
        "fast-glob": "^3.3.3",
        "ora": "^8.2.0",
        "posthog-node": "^5.20.0",
        "yaml": "^2.8.2",
        "zod": "^4.0.17"
      },
      "bin": {
        "openspec": "bin/openspec.js"
      },
      "devDependencies": {
        "@changesets/changelog-github": "^0.5.2",
        "@changesets/cli": "^2.27.7",
        "@types/node": "^24.2.0",
        "@vitest/ui": "^3.2.6",
        "eslint": "^9.39.2",
        "typescript": "^5.9.3",
        "typescript-eslint": "^8.62.0",
        "vitest": "^3.2.6"
      },
      "engines": {
        "node": ">=20.19.0"
      }
    }
  }
}
